github.com/DataIntelligenceCrew/go-faiss v0.2.0 h1:c0pxAr0vldXIuE4DZnqpl6FuuH1uZd45d+NiQHKg1uU=
github.com/DataIntelligenceCrew/go-faiss v0.2.0/go.mod h1:4Gi7G3PF78IwZigTL2M1AJXOaAgxyL66vCqUYVaNgwk=
github.com/mattn/go-sqlite3 v1.14.32 h1:JD12Ag3oLy1zQA+BNn74xRgaBbdhbNIDYvQUEuuErjs=
github.com/mattn/go-sqlite3 v1.14.32/go.mod h1:Uh1q+B4BYcTPb+yiD3kU8Ct7aC0hY9fxUwlHK0RXw+Y=
